
Microsoft Visual Studio Solution File, Format Version 12.00
# Visual Studio 15
VisualStudioVersion = 15.0.27703.2026
MinimumVisualStudioVersion = 10.0.40219.1
Project("{FAE04EC0-301F-11D3-BF4B-00C04F79EFBC}") = "FunctoinalView", "FunctoinalView\FunctoinalView.csproj", "{B858839F-D428-4FA4-BC25-D59B8ADFC986}"
EndProject
Global
	GlobalSection(SolutionConfigurationPlatforms) = preSolution
		Debug|Any CPU = Debug|Any CPU
		Release|Any CPU = Release|Any CPU
	EndGlobalSection
	GlobalSection(ProjectConfigurationPlatforms) = postSolution
		{B858839F-D428-4FA4-BC25-D59B8ADFC986}.Debug|Any CPU.ActiveCfg = Debug|Any CPU
		{B858839F-D428-4FA4-BC25-D59B8ADFC986}.Debug|Any CPU.Build.0 = Debug|Any CPU
		{B858839F-D428-4FA4-BC25-D59B8ADFC986}.Release|Any CPU.ActiveCfg = Release|Any CPU
		{B858839F-D428-4FA4-BC25-D59B8ADFC986}.Release|Any CPU.Build.0 = Release|Any CPU
	EndGlobalSection
	GlobalSection(SolutionProperties) = preSolution
		HideSolutionNode = FALSE
	EndGlobalSection
	GlobalSection(ExtensibilityGlobals) = postSolution
		SolutionGuid = {738D1A23-70D1-4F81-A406-328EA6C9D27A}
	EndGlobalSection
EndGlobal
